[requires]
python_version = '3.7'
platform = 'linux'


[packages]
amqp==2.5.1
anyjson==0.3.3
appdirs==1.4.3
astroid==2.2.5
attrs==19.1.0
billiard==3.6.1.0
btrfsutil==1.1.1
CacheControl==0.12.5
celery==4.3.0
chardet==3.0.4
colorama==0.4.1
defusedxml==0.6.0
distlib==0.2.9
distro==1.4.0
Django==2.2.5
django-allauth==0.40.0
django-celery-beat==1.5.0
django-celery-results==1.1.2
django-channels==0.7.0
django-rest-auth==0.9.5
django-timezone-field==3.0
djangorestframework==3.10.3
dnspython==1.16.0
eventlet==0.25.1
greenlet==0.4.15
html5lib==1.0.1
idna==2.8
importlib-metadata==0.19
isort==4.3.21
kombu==4.6.4
lazy-object-proxy==1.4.2
librabbitmq==2.0.0
lockfile==0.12.2
mccabe==0.6.1
monotonic==1.5
more-itertools==4.3.0
msgpack==0.6.1
numpy==1.17.2
oauthlib==3.1.0
packaging==19.1
pep517==0.6.0
powerline-status==2.7
progress==1.5
psycopg2-binary==2.8.3
pylint==2.3.1
pyparsing==2.4.2
python-crontab==2.3.8
python-dateutil==2.8.0
python3-openid==3.1.0
pytoml==0.1.21
pytz==2019.2
requests==2.22.0
requests-oauthlib==1.2.0
retrying==1.3.3
scipy==1.3.1
six==1.12.0
sqlparse==0.3.0
typed-ast==1.4.0
urllib3==1.25.3
vine==1.3.0
webencodings==0.5.1
wrapt==1.11.1
zipp==0.6.0