{
    "_meta": {
        "hash": {
            "sha256": "903c1a0fd66ee5f821353e41194db9a4159f28600963318011f4faad31f5b94e"
        },
        "pipfile-spec": 6,
        "requires": {
            "python_version": "3.8"
        },
        "sources": [
            {
                "name": "pypi",
                "url": "https://pypi.tuna.tsinghua.edu.cn/simple/",
                "verify_ssl": true
            },
            {
                "name": "tuna_pypi",
                "url": "https://pypi.tuna.tsinghua.edu.cn/simple/",
                "verify_ssl": true
            }
        ]
    },
    "default": {
        "amqp": {
            "hashes": [
                "sha256:6e649ca13a7df3faacdc8bbb280aa9a6602d22fd9d545336077e573a1f4ff3b8",
                "sha256:77f1aef9410698d20eaeac5b73a87817365f457a507d82edf292e12cbb83b08d"
            ],
            "index": "pypi",
            "version": "==2.5.2"
        },
        "apscheduler": {
            "hashes": [
                "sha256:3bb5229eed6fbbdafc13ce962712ae66e175aa214c69bed35a06bffcf0c5e244",
                "sha256:e8b1ecdb4c7cb2818913f766d5898183c7cb8936680710a4d3a966e02262e526"
            ],
            "version": "==3.6.3"
        },
        "asgiref": {
            "hashes": [
                "sha256:8036f90603c54e93521e5777b2b9a39ba1bad05773fcf2d208f0299d1df58ce5",
                "sha256:9ca8b952a0a9afa61d30aa6d3d9b570bb3fd6bafcf7ec9e6bed43b936133db1c"
            ],
            "version": "==3.2.7"
        },
        "attrs": {
            "hashes": [
                "sha256:08a96c641c3a74e44eb59afb61a24f2cb9f4d7188748e76ba4bb5edfa3cb7d1c",
                "sha256:f7b7ce16570fe9965acd6d30101a28f62fb4a7f9e926b3bbc9b61f8b04247e72"
            ],
            "version": "==19.3.0"
        },
        "autobahn": {
            "hashes": [
                "sha256:ac8225bbdf05a04389f0c9378871a9a95698d7b5e02575ab16a99f8cb3e1d6b3",
                "sha256:c6fe745d52ba9f9eecf791cd31f558df42aebfc4f9ee558a8f1d18c707e1ae1f"
            ],
            "version": "==20.4.3"
        },
        "automat": {
            "hashes": [
                "sha256:7979803c74610e11ef0c0d68a2942b152df52da55336e0c9d58daf1831cbdf33",
                "sha256:b6feb6455337df834f6c9962d6ccf771515b7d939bca142b29c20c2376bc6111"
            ],
            "version": "==20.2.0"
        },
        "certifi": {
            "hashes": [
                "sha256:1d987a998c75633c40847cc966fcf5904906c920a7f17ef374f5aa4282abd304",
                "sha256:51fcb31174be6e6664c5f69e3e1691a2d72a1a12e90f872cbdb1567eb47b6519"
            ],
            "version": "==2020.4.5.1"
        },
        "cffi": {
            "hashes": [
                "sha256:001bf3242a1bb04d985d63e138230802c6c8d4db3668fb545fb5005ddf5bb5ff",
                "sha256:00789914be39dffba161cfc5be31b55775de5ba2235fe49aa28c148236c4e06b",
                "sha256:028a579fc9aed3af38f4892bdcc7390508adabc30c6af4a6e4f611b0c680e6ac",
                "sha256:14491a910663bf9f13ddf2bc8f60562d6bc5315c1f09c704937ef17293fb85b0",
                "sha256:1cae98a7054b5c9391eb3249b86e0e99ab1e02bb0cc0575da191aedadbdf4384",
                "sha256:2089ed025da3919d2e75a4d963d008330c96751127dd6f73c8dc0c65041b4c26",
                "sha256:2d384f4a127a15ba701207f7639d94106693b6cd64173d6c8988e2c25f3ac2b6",
                "sha256:337d448e5a725bba2d8293c48d9353fc68d0e9e4088d62a9571def317797522b",
                "sha256:399aed636c7d3749bbed55bc907c3288cb43c65c4389964ad5ff849b6370603e",
                "sha256:3b911c2dbd4f423b4c4fcca138cadde747abdb20d196c4a48708b8a2d32b16dd",
                "sha256:3d311bcc4a41408cf5854f06ef2c5cab88f9fded37a3b95936c9879c1640d4c2",
                "sha256:62ae9af2d069ea2698bf536dcfe1e4eed9090211dbaafeeedf5cb6c41b352f66",
                "sha256:66e41db66b47d0d8672d8ed2708ba91b2f2524ece3dee48b5dfb36be8c2f21dc",
                "sha256:675686925a9fb403edba0114db74e741d8181683dcf216be697d208857e04ca8",
                "sha256:7e63cbcf2429a8dbfe48dcc2322d5f2220b77b2e17b7ba023d6166d84655da55",
                "sha256:8a6c688fefb4e1cd56feb6c511984a6c4f7ec7d2a1ff31a10254f3c817054ae4",
                "sha256:8c0ffc886aea5df6a1762d0019e9cb05f825d0eec1f520c51be9d198701daee5",
                "sha256:95cd16d3dee553f882540c1ffe331d085c9e629499ceadfbda4d4fde635f4b7d",
                "sha256:99f748a7e71ff382613b4e1acc0ac83bf7ad167fb3802e35e90d9763daba4d78",
                "sha256:b8c78301cefcf5fd914aad35d3c04c2b21ce8629b5e4f4e45ae6812e461910fa",
                "sha256:c420917b188a5582a56d8b93bdd8e0f6eca08c84ff623a4c16e809152cd35793",
                "sha256:c43866529f2f06fe0edc6246eb4faa34f03fe88b64a0a9a942561c8e22f4b71f",
                "sha256:cab50b8c2250b46fe738c77dbd25ce017d5e6fb35d3407606e7a4180656a5a6a",
                "sha256:cef128cb4d5e0b3493f058f10ce32365972c554572ff821e175dbc6f8ff6924f",
                "sha256:cf16e3cf6c0a5fdd9bc10c21687e19d29ad1fe863372b5543deaec1039581a30",
                "sha256:e56c744aa6ff427a607763346e4170629caf7e48ead6921745986db3692f987f",
                "sha256:e577934fc5f8779c554639376beeaa5657d54349096ef24abe8c74c5d9c117c3",
                "sha256:f2b0fa0c01d8a0c7483afd9f31d7ecf2d71760ca24499c8697aeb5ca37dc090c"
            ],
            "version": "==1.14.0"
        },
        "channels": {
            "hashes": [
                "sha256:08e756406d7165cb32f6fc3090c0643f41ca9f7e0f7fada0b31194662f20f414",
                "sha256:80a5ad1962ae039a3dcc0a5cb5212413e66e2f11ad9e9db8004834436daf3400"
            ],
            "index": "pypi",
            "version": "==2.4.0"
        },
        "chardet": {
            "hashes": [
                "sha256:84ab92ed1c4d4f16916e05906b6b75a6c0fb5db821cc65e70cbd64a3e2a5eaae",
                "sha256:fc323ffcaeaed0e0a02bf4d117757b98aed530d9ed4531e3e15460124c106691"
            ],
            "version": "==3.0.4"
        },
        "constantly": {
            "hashes": [
                "sha256:586372eb92059873e29eba4f9dec8381541b4d3834660707faf8ba59146dfc35",
                "sha256:dd2fa9d6b1a51a83f0d7dd76293d734046aa176e384bf6e33b7e44880eb37c5d"
            ],
            "version": "==15.1.0"
        },
        "cryptography": {
            "hashes": [
                "sha256:091d31c42f444c6f519485ed528d8b451d1a0c7bf30e8ca583a0cac44b8a0df6",
                "sha256:18452582a3c85b96014b45686af264563e3e5d99d226589f057ace56196ec78b",
                "sha256:1dfa985f62b137909496e7fc182dac687206d8d089dd03eaeb28ae16eec8e7d5",
                "sha256:1e4014639d3d73fbc5ceff206049c5a9a849cefd106a49fa7aaaa25cc0ce35cf",
                "sha256:22e91636a51170df0ae4dcbd250d318fd28c9f491c4e50b625a49964b24fe46e",
                "sha256:3b3eba865ea2754738616f87292b7f29448aec342a7c720956f8083d252bf28b",
                "sha256:651448cd2e3a6bc2bb76c3663785133c40d5e1a8c1a9c5429e4354201c6024ae",
                "sha256:726086c17f94747cedbee6efa77e99ae170caebeb1116353c6cf0ab67ea6829b",
                "sha256:844a76bc04472e5135b909da6aed84360f522ff5dfa47f93e3dd2a0b84a89fa0",
                "sha256:88c881dd5a147e08d1bdcf2315c04972381d026cdb803325c03fe2b4a8ed858b",
                "sha256:96c080ae7118c10fcbe6229ab43eb8b090fccd31a09ef55f83f690d1ef619a1d",
                "sha256:a0c30272fb4ddda5f5ffc1089d7405b7a71b0b0f51993cb4e5dbb4590b2fc229",
                "sha256:bb1f0281887d89617b4c68e8db9a2c42b9efebf2702a3c5bf70599421a8623e3",
                "sha256:c447cf087cf2dbddc1add6987bbe2f767ed5317adb2d08af940db517dd704365",
                "sha256:c4fd17d92e9d55b84707f4fd09992081ba872d1a0c610c109c18e062e06a2e55",
                "sha256:d0d5aeaedd29be304848f1c5059074a740fa9f6f26b84c5b63e8b29e73dfc270",
                "sha256:daf54a4b07d67ad437ff239c8a4080cfd1cc7213df57d33c97de7b4738048d5e",
                "sha256:e993468c859d084d5579e2ebee101de8f5a27ce8e2159959b6673b418fd8c785",
                "sha256:f118a95c7480f5be0df8afeb9a11bd199aa20afab7a96bcf20409b411a3a85f0"
            ],
            "version": "==2.9.2"
        },
        "daphne": {
            "hashes": [
                "sha256:1ca46d7419103958bbc9576fb7ba3b25b053006e22058bc97084ee1a7d44f4ba",
                "sha256:aa64840015709bbc9daa3c4464a4a4d437937d6cda10a9b51e913eb319272553"
            ],
            "version": "==2.5.0"
        },
        "defusedxml": {
            "hashes": [
                "sha256:6687150770438374ab581bb7a1b327a847dd9c5749e396102de3fad4e8a3ef93",
                "sha256:f684034d135af4c6cbb949b8a4d2ed61634515257a67299e5f940fbaa34377f5"
            ],
            "version": "==0.6.0"
        },
        "dj-rest-auth": {
            "extras": [
                "with_social"
            ],
            "hashes": [
                "sha256:704d72f43a9521ce7e49baef1fb967cc1849b5c5e6637628607c4338aec1224c"
            ],
            "index": "pypi",
            "version": "==1.0.5"
        },
        "django": {
            "hashes": [
                "sha256:051ba55d42daa3eeda3944a8e4df2bc96d4c62f94316dea217248a22563c3621",
                "sha256:9aaa6a09678e1b8f0d98a948c56482eac3e3dd2ddbfb8de70a868135ef3b5e01"
            ],
            "index": "pypi",
            "version": "==3.0.6"
        },
        "django-allauth": {
            "hashes": [
                "sha256:7ab91485b80d231da191d5c7999ba93170ef1bf14ab6487d886598a1ad03e1d8"
            ],
            "index": "pypi",
            "version": "==0.41.0"
        },
        "django-apscheduler": {
            "hashes": [
                "sha256:a2530736793064c54b3d5a62fc3844cdc4b0535d8988cd9248375c71441d2152"
            ],
            "index": "pypi",
            "version": "==0.3.0"
        },
        "django-elasticsearch-dsl": {
            "hashes": [
                "sha256:33dafbfe014829605176bdf79c7d08fd0be7a27232cbf3b0f0921d6026c57f63",
                "sha256:ca0ff7489e18d680674a97cd8f3fb11ea239fb5dc1713abda48f799b8cf7c022"
            ],
            "version": "==7.1.1"
        },
        "django-elasticsearch-dsl-drf": {
            "hashes": [
                "sha256:90bf300fb96ebac5cb0b3fa21601e37f1b1231a57aac4b5a001a11c52db59d74",
                "sha256:9effbd541bb25becb39454b694de20d0f5a2c9e5bf7b629fcd8f9c9505b9320a"
            ],
            "index": "pypi",
            "version": "==0.20.8"
        },
        "django-filter": {
            "hashes": [
                "sha256:558c727bce3ffa89c4a7a0b13bc8976745d63e5fd576b3a9a851650ef11c401b",
                "sha256:c3deb57f0dd7ff94d7dce52a047516822013e2b441bed472b722a317658cfd14"
            ],
            "index": "pypi",
            "version": "==2.2.0"
        },
        "django-filters": {
            "hashes": [
                "sha256:1a9799a41106dc53ed894e952a24e8dee9b4fb37f010f22d178c09c90c61d711"
            ],
            "index": "pypi",
            "version": "==0.2.1"
        },
        "django-guardian": {
            "hashes": [
                "sha256:8cacf49ebcc1e545f0a8997971eec0fe109f5ed31fc2a569a7bf5615453696e2",
                "sha256:ac81e88372fdf1795d84ba065550e739b42e9c6d07cdf201cf5bbf9efa7f396c"
            ],
            "index": "pypi",
            "version": "==2.2.0"
        },
        "django-nine": {
            "hashes": [
                "sha256:394c043668f820f50d1f7b27009b4957f9f480a7ecf74f55a6699b80ac6e1f69",
                "sha256:f09fa5870ea2b0d86c03249c9c574c9b14c7e81b05dd860e9ef9c656740892cc"
            ],
            "version": "==0.2.3"
        },
        "django-rest-passwordreset": {
            "hashes": [
                "sha256:3c97b25d35fb1f05d5b87596eb0c0f7cfce39e1803c9f4045ec42d567b03c85f",
                "sha256:d1c8a97d5b4d35320bf2c6109f464500809705c5a4a4b182bbeeb3e57adf6e72"
            ],
            "index": "pypi",
            "version": "==1.1.0"
        },
        "djangorestframework": {
            "hashes": [
                "sha256:05809fc66e1c997fd9a32ea5730d9f4ba28b109b9da71fccfa5ff241201fd0a4",
                "sha256:e782087823c47a26826ee5b6fa0c542968219263fb3976ec3c31edab23a4001f"
            ],
            "index": "pypi",
            "version": "==3.11.0"
        },
        "djangorestframework-guardian": {
            "hashes": [
                "sha256:1883756452d9bfcc2a51fb4e039a6837a8f6697c756447aa83af085749b59330",
                "sha256:3bd3dd6ea58e1bceca5048faf6f8b1a93bb5dcff30ba5eb91b9a0e190a48a0c7"
            ],
            "index": "pypi",
            "version": "==0.3.0"
        },
        "dnspython": {
            "hashes": [
                "sha256:36c5e8e38d4369a08b6780b7f27d790a292b2b08eea01607865bf0936c558e01",
                "sha256:f69c21288a962f4da86e56c4905b49d11aba7938d3d740e80d9e366ee4f1632d"
            ],
            "version": "==1.16.0"
        },
        "elasticsearch": {
            "hashes": [
                "sha256:d228b2d37ac0865f7631335268172dbdaa426adec1da3ed006dddf05134f89c8",
                "sha256:f4bb05cfe55cf369bdcb4d86d0129d39d66a91fd9517b13cd4e4231fbfcf5c81"
            ],
            "version": "==7.6.0"
        },
        "elasticsearch-dsl": {
            "hashes": [
                "sha256:0eee35bdb10d7c1e5b6dd68d94da67e9c2e639c273c1c0c3f560e430b03dce45",
                "sha256:4015c0d25a0a5df05cf50fe7f3464234c5b97f050c85697399d96d46b30e09a7"
            ],
            "version": "==7.2.0"
        },
        "eventlet": {
            "hashes": [
                "sha256:4c8ab42c51bff55204fef43cff32616558bedbc7538d876bb6a96ce820c7f9ed",
                "sha256:955f2cf538829bfcb7b3aa885ace40e8ae5965dcd5b876c384d0c5869702db1d"
            ],
            "index": "pypi",
            "version": "==0.25.2"
        },
        "gevent": {
            "hashes": [
                "sha256:00b03601b8dd1ee2aa07811cb60a4befe36173b15d91c6e207e37f8d77dd6fac",
                "sha256:0acc15ba2ac2a555529ad82d5a28fc85dbb6b2ff947657d67bebfd352e2b5c14",
                "sha256:15eae3cd450dac7dae7f4ac59e01db1378965c9ef565c39c5ae78c5a888f9ac9",
                "sha256:1dc7f1f6bc1f67d625e4272b01e717eba0b4fa024d2ff7934c8d320674d6f7fa",
                "sha256:1dd95433be45e1115053878366e3f5332ae99c39cb345be23851327c062b9f4a",
                "sha256:28b7d83b4327ceb79668eca2049bf4b9ce66d5ace18a88335e3035b573f889fd",
                "sha256:31dc5d4ab8172cc00c4ff17cb18edee633babd961f64bf54214244d769bc3a74",
                "sha256:38db524ea88d81d596b2cbb6948fced26654a15fec40ea4529224e239a6f45e8",
                "sha256:3ff477b6d275396123faf8ce2d5b82f96d85ba264e0b9d4b56a2bac49d1b9adc",
                "sha256:4d2729dd4bf9c4d0f29482f53cdf9fc90a498aebb5cd7ae8b45d35657437d2ac",
                "sha256:52e5cd607749ed3b8aa0272cacf2c11deec61fca4c3bec57a9fea8c49316627d",
                "sha256:5c604179cebcc57f10505d8db177b92a715907815a464b066e7eba322d1c33ac",
                "sha256:88c76df4967c5229f853aa67ad1b394d9e4f985b0359c9bc9879416bba3e7c68",
                "sha256:929c33df8e9bcbe31906024fcd21580bd018196dbd3249eb5b2f19d63e11092d",
                "sha256:92edc18a357473e01a4e4a82c073ed3c99ceca6e3ce93c23668dd4a2401f07dc",
                "sha256:937d36730f2b0dee3387712074b1f15b802e2e074a3d7c6dcaf70521236d607c",
                "sha256:9b4e940fc6071afebb86ba5f48dbb5f1fc3cb96ebeb8cf145eb5b499e9c6ee33",
                "sha256:a7805934e8ce81610b61f806572c3d504cedd698cc8c9460d78d2893ba598c4a",
                "sha256:d07a2afe4215731eb57d5b257a2e7e7e170d8a7ae1f02f6d0682cd3403debea9",
                "sha256:e01d5373528e4ebdde66dc47a608d225fa3c4408ccd828d26c49b7ff75d82bd9",
                "sha256:efd9546468502a30ddd4699c3124ccb9d3099130f9b5ae1e2a54ad5b46e86120",
                "sha256:fcb64f3a28420d1b872b7ef41b12e8a1a4dcadfc8eff3c09993ab0cdf52584a1"
            ],
            "index": "pypi",
            "version": "==20.5.0"
        },
        "greenlet": {
            "hashes": [
                "sha256:000546ad01e6389e98626c1367be58efa613fa82a1be98b0c6fc24b563acc6d0",
                "sha256:0d48200bc50cbf498716712129eef819b1729339e34c3ae71656964dac907c28",
                "sha256:23d12eacffa9d0f290c0fe0c4e81ba6d5f3a5b7ac3c30a5eaf0126bf4deda5c8",
                "sha256:37c9ba82bd82eb6a23c2e5acc03055c0e45697253b2393c9a50cef76a3985304",
                "sha256:51155342eb4d6058a0ffcd98a798fe6ba21195517da97e15fca3db12ab201e6e",
                "sha256:51503524dd6f152ab4ad1fbd168fc6c30b5795e8c70be4410a64940b3abb55c0",
                "sha256:7457d685158522df483196b16ec648b28f8e847861adb01a55d41134e7734122",
                "sha256:8041e2de00e745c0e05a502d6e6db310db7faa7c979b3a5877123548a4c0b214",
                "sha256:81fcd96a275209ef117e9ec91f75c731fa18dcfd9ffaa1c0adbdaa3616a86043",
                "sha256:853da4f9563d982e4121fed8c92eea1a4594a2299037b3034c3c898cb8e933d6",
                "sha256:8b4572c334593d449113f9dc8d19b93b7b271bdbe90ba7509eb178923327b625",
                "sha256:9416443e219356e3c31f1f918a91badf2e37acf297e2fa13d24d1cc2380f8fbc",
                "sha256:9854f612e1b59ec66804931df5add3b2d5ef0067748ea29dc60f0efdcda9a638",
                "sha256:99a26afdb82ea83a265137a398f570402aa1f2b5dfb4ac3300c026931817b163",
                "sha256:a19bf883b3384957e4a4a13e6bd1ae3d85ae87f4beb5957e35b0be287f12f4e4",
                "sha256:a9f145660588187ff835c55a7d2ddf6abfc570c2651c276d3d4be8a2766db490",
                "sha256:ac57fcdcfb0b73bb3203b58a14501abb7e5ff9ea5e2edfa06bb03035f0cff248",
                "sha256:bcb530089ff24f6458a81ac3fa699e8c00194208a724b644ecc68422e1111939",
                "sha256:beeabe25c3b704f7d56b573f7d2ff88fc99f0138e43480cecdfcaa3b87fe4f87",
                "sha256:d634a7ea1fc3380ff96f9e44d8d22f38418c1c381d5fac680b272d7d90883720",
                "sha256:d97b0661e1aead761f0ded3b769044bb00ed5d33e1ec865e891a8b128bf7c656",
                "sha256:e538b8dae561080b542b0f5af64d47ef859f22517f7eca617bb314e0e03fd7ef"
            ],
            "markers": "platform_python_implementation == 'CPython'",
            "version": "==0.4.15"
        },
        "gunicorn": {
            "hashes": [
                "sha256:1904bb2b8a43658807108d59c3f3d56c2b6121a701161de0ddf9ad140073c626",
                "sha256:cd4a810dd51bf497552cf3f863b575dabd73d6ad6a91075b65936b151cbf4f9c"
            ],
            "index": "pypi",
            "version": "==20.0.4"
        },
        "hyperlink": {
            "hashes": [
                "sha256:4288e34705da077fada1111a24a0aa08bb1e76699c9ce49876af722441845654",
                "sha256:ab4a308feb039b04f855a020a6eda3b18ca5a68e6d8f8c899cbe9e653721d04f"
            ],
            "version": "==19.0.0"
        },
        "idna": {
            "hashes": [
                "sha256:7588d1c14ae4c77d74036e8c22ff447b26d0fde8f007354fd48a7814db15b7cb",
                "sha256:a068a21ceac8a4d63dbfd964670474107f541babbd2250d61922f029858365fa"
            ],
            "version": "==2.9"
        },
        "incremental": {
            "hashes": [
                "sha256:717e12246dddf231a349175f48d74d93e2897244939173b01974ab6661406b9f",
                "sha256:7b751696aaf36eebfab537e458929e194460051ccad279c72b755a167eebd4b3"
            ],
            "version": "==17.5.0"
        },
        "meinheld": {
            "hashes": [
                "sha256:447de7189e4dc9c1f425aa1b9c8210aab492fda4d86f73a24059264e7d8b0134"
            ],
            "index": "pypi",
            "version": "==1.0.1"
        },
        "monotonic": {
            "hashes": [
                "sha256:23953d55076df038541e648a53676fb24980f7a1be290cdda21300b3bc21dfb0",
                "sha256:552a91f381532e33cbd07c6a2655a21908088962bb8fa7239ecbcc6ad1140cc7"
            ],
            "version": "==1.5"
        },
        "oauthlib": {
            "hashes": [
                "sha256:bee41cc35fcca6e988463cacc3bcb8a96224f470ca547e697b604cc697b2f889",
                "sha256:df884cd6cbe20e32633f1db1072e9356f53638e4361bef4e8b03c9127c9328ea"
            ],
            "version": "==3.1.0"
        },
        "pyasn1": {
            "hashes": [
                "sha256:39c7e2ec30515947ff4e87fb6f456dfc6e84857d34be479c9d4a4ba4bf46aa5d",
                "sha256:aef77c9fb94a3ac588e87841208bdec464471d9871bd5050a287cc9a475cd0ba"
            ],
            "version": "==0.4.8"
        },
        "pyasn1-modules": {
            "hashes": [
                "sha256:905f84c712230b2c592c19470d3ca8d552de726050d1d1716282a1f6146be65e",
                "sha256:a50b808ffeb97cb3601dd25981f6b016cbb3d31fbf57a8b8a87428e6158d0c74"
            ],
            "version": "==0.2.8"
        },
        "pycparser": {
            "hashes": [
                "sha256:2d475327684562c3a96cc71adf7dc8c4f0565175cf86b6d7a404ff4c771f15f0",
                "sha256:7582ad22678f0fcd81102833f60ef8d0e57288b6b5fb00323d101be910e35705"
            ],
            "version": "==2.20"
        },
        "pyhamcrest": {
            "hashes": [
                "sha256:412e00137858f04bde0729913874a48485665f2d36fe9ee449f26be864af9316",
                "sha256:7ead136e03655af85069b6f47b23eb7c3e5c221aa9f022a4fbb499f5b7308f29"
            ],
            "version": "==2.0.2"
        },
        "pyopenssl": {
            "hashes": [
                "sha256:621880965a720b8ece2f1b2f54ea2071966ab00e2970ad2ce11d596102063504",
                "sha256:9a24494b2602aaf402be5c9e30a0b82d4a5c67528fe8fb475e3f3bc00dd69507"
            ],
            "version": "==19.1.0"
        },
        "python-dateutil": {
            "hashes": [
                "sha256:73ebfe9dbf22e832286dafa60473e4cd239f8592f699aa5adaf10050e6e1823c",
                "sha256:75bb3f31ea686f1197762692a9ee6a7550b59fc6ca3a1f4b5d7e32fb98e2da2a"
            ],
            "version": "==2.8.1"
        },
        "python3-openid": {
            "hashes": [
                "sha256:0086da6b6ef3161cfe50fb1ee5cceaf2cda1700019fda03c2c5c440ca6abe4fa",
                "sha256:628d365d687e12da12d02c6691170f4451db28d6d68d050007e4a40065868502"
            ],
            "version": "==3.1.0"
        },
        "pytz": {
            "hashes": [
                "sha256:a494d53b6d39c3c6e44c3bec237336e14305e4f29bbf800b599253057fbb79ed",
                "sha256:c35965d010ce31b23eeb663ed3cc8c906275d6be1a34393a1d73a41febf4a048"
            ],
            "version": "==2020.1"
        },
        "requests": {
            "hashes": [
                "sha256:43999036bfa82904b6af1d99e4882b560e5e2c68e5c4b0aa03b655f3d7d73fee",
                "sha256:b3f43d496c6daba4493e7c431722aeb7dbc6288f52a6e04e7b6023b0247817e6"
            ],
            "version": "==2.23.0"
        },
        "requests-oauthlib": {
            "hashes": [
                "sha256:7f71572defaecd16372f9006f33c2ec8c077c3cfa6f5911a9a90202beb513f3d",
                "sha256:b4261601a71fd721a8bd6d7aa1cc1d6a8a93b4a9f5e96626f8e4d91e8beeaa6a"
            ],
            "version": "==1.3.0"
        },
        "service-identity": {
            "hashes": [
                "sha256:001c0707759cb3de7e49c078a7c0c9cd12594161d3bf06b9c254fdcb1a60dc36",
                "sha256:0858a54aabc5b459d1aafa8a518ed2081a285087f349fe3e55197989232e2e2d"
            ],
            "version": "==18.1.0"
        },
        "six": {
            "hashes": [
                "sha256:236bdbdce46e6e6a3d61a337c0f8b763ca1e8717c03b369e87a7ec7ce1319c0a",
                "sha256:8f3cd2e254d8f793e7f3d6d9df77b92252b52637291d0f0da013c76ea2724b6c"
            ],
            "version": "==1.14.0"
        },
        "sqlparse": {
            "hashes": [
                "sha256:022fb9c87b524d1f7862b3037e541f68597a730a8843245c349fc93e1643dc4e",
                "sha256:e162203737712307dfe78860cc56c8da8a852ab2ee33750e33aeadf38d12c548"
            ],
            "version": "==0.3.1"
        },
        "twisted": {
            "extras": [
                "tls"
            ],
            "hashes": [
                "sha256:040eb6641125d2a9a09cf198ec7b83dd8858c6f51f6770325ed9959c00f5098f",
                "sha256:147780b8caf21ba2aef3688628eaf13d7e7fe02a86747cd54bfaf2140538f042",
                "sha256:158ddb80719a4813d292293ac44ba41d8b56555ed009d90994a278237ee63d2c",
                "sha256:2182000d6ffc05d269e6c03bfcec8b57e20259ca1086180edaedec3f1e689292",
                "sha256:25ffcf37944bdad4a99981bc74006d735a678d2b5c193781254fbbb6d69e3b22",
                "sha256:3281d9ce889f7b21bdb73658e887141aa45a102baf3b2320eafcfba954fcefec",
                "sha256:356e8d8dd3590e790e3dba4db139eb8a17aca64b46629c622e1b1597a4a92478",
                "sha256:70952c56e4965b9f53b180daecf20a9595cf22b8d0935cd3bd664c90273c3ab2",
                "sha256:7408c6635ee1b96587289283ebe90ee15dbf9614b05857b446055116bc822d29",
                "sha256:7c547fd0215db9da8a1bc23182b309e84a232364cc26d829e9ee196ce840b114",
                "sha256:894f6f3cfa57a15ea0d0714e4283913a5f2511dbd18653dd148eba53b3919797",
                "sha256:94ac3d55a58c90e2075c5fe1853f2aa3892b73e3bf56395f743aefde8605eeaa",
                "sha256:a58e61a2a01e5bcbe3b575c0099a2bcb8d70a75b1a087338e0c48dd6e01a5f15",
                "sha256:c09c47ff9750a8e3aa60ad169c4b95006d455a29b80ad0901f031a103b2991cd",
                "sha256:ca3a0b8c9110800e576d89b5337373e52018b41069bc879f12fa42b7eb2d0274",
                "sha256:cd1dc5c85b58494138a3917752b54bb1daa0045d234b7c132c37a61d5483ebad",
                "sha256:cdbc4c7f0cd7a2218b575844e970f05a1be1861c607b0e048c9bceca0c4d42f7",
                "sha256:d267125cc0f1e8a0eed6319ba4ac7477da9b78a535601c49ecd20c875576433a",
                "sha256:d72c55b5d56e176563b91d11952d13b01af8725c623e498db5507b6614fc1e10",
                "sha256:d95803193561a243cb0401b0567c6b7987d3f2a67046770e1dccd1c9e49a9780",
                "sha256:e92703bed0cc21d6cb5c61d66922b3b1564015ca8a51325bd164a5e33798d504",
                "sha256:f058bd0168271de4dcdc39845b52dd0a4a2fecf5f1246335f13f5e96eaebb467",
                "sha256:f3c19e5bd42bbe4bf345704ad7c326c74d3fd7a1b3844987853bef180be638d4"
            ],
            "index": "pypi",
            "version": "==20.3.0"
        },
        "txaio": {
            "hashes": [
                "sha256:17938f2bca4a9cabce61346758e482ca4e600160cbc28e861493eac74a19539d",
                "sha256:38a469daf93c37e5527cb062653d6393ae11663147c42fab7ddc3f6d00d434ae"
            ],
            "version": "==20.4.1"
        },
        "tzlocal": {
            "hashes": [
                "sha256:643c97c5294aedc737780a49d9df30889321cbe1204eac2c2ec6134035a92e44",
                "sha256:e2cb6c6b5b604af38597403e9852872d7f534962ae2954c7f35efcb1ccacf4a4"
            ],
            "version": "==2.1"
        },
        "urllib3": {
            "hashes": [
                "sha256:3018294ebefce6572a474f0604c2021e33b3fd8006ecd11d62107a5d2a963527",
                "sha256:88206b0eb87e6d677d424843ac5209e3fb9d0190d0ee169599165ec25e9d9115"
            ],
            "version": "==1.25.9"
        },
        "vine": {
            "hashes": [
                "sha256:133ee6d7a9016f177ddeaf191c1f58421a1dcc6ee9a42c58b34bed40e1d2cd87",
                "sha256:ea4947cc56d1fd6f2095c8d543ee25dad966f78692528e68b4fada11ba3f98af"
            ],
            "version": "==1.3.0"
        },
        "zope.interface": {
            "hashes": [
                "sha256:0103cba5ed09f27d2e3de7e48bb320338592e2fabc5ce1432cf33808eb2dfd8b",
                "sha256:14415d6979356629f1c386c8c4249b4d0082f2ea7f75871ebad2e29584bd16c5",
                "sha256:1ae4693ccee94c6e0c88a4568fb3b34af8871c60f5ba30cf9f94977ed0e53ddd",
                "sha256:1b87ed2dc05cb835138f6a6e3595593fea3564d712cb2eb2de963a41fd35758c",
                "sha256:269b27f60bcf45438e8683269f8ecd1235fa13e5411de93dae3b9ee4fe7f7bc7",
                "sha256:27d287e61639d692563d9dab76bafe071fbeb26818dd6a32a0022f3f7ca884b5",
                "sha256:39106649c3082972106f930766ae23d1464a73b7d30b3698c986f74bf1256a34",
                "sha256:40e4c42bd27ed3c11b2c983fecfb03356fae1209de10686d03c02c8696a1d90e",
                "sha256:461d4339b3b8f3335d7e2c90ce335eb275488c587b61aca4b305196dde2ff086",
                "sha256:4f98f70328bc788c86a6a1a8a14b0ea979f81ae6015dd6c72978f1feff70ecda",
                "sha256:558a20a0845d1a5dc6ff87cd0f63d7dac982d7c3be05d2ffb6322a87c17fa286",
                "sha256:562dccd37acec149458c1791da459f130c6cf8902c94c93b8d47c6337b9fb826",
                "sha256:5e86c66a6dea8ab6152e83b0facc856dc4d435fe0f872f01d66ce0a2131b7f1d",
                "sha256:60a207efcd8c11d6bbeb7862e33418fba4e4ad79846d88d160d7231fcb42a5ee",
                "sha256:645a7092b77fdbc3f68d3cc98f9d3e71510e419f54019d6e282328c0dd140dcd",
                "sha256:6874367586c020705a44eecdad5d6b587c64b892e34305bb6ed87c9bbe22a5e9",
                "sha256:74bf0a4f9091131de09286f9a605db449840e313753949fe07c8d0fe7659ad1e",
                "sha256:7b726194f938791a6691c7592c8b9e805fc6d1b9632a833b9c0640828cd49cbc",
                "sha256:8149ded7f90154fdc1a40e0c8975df58041a6f693b8f7edcd9348484e9dc17fe",
                "sha256:8cccf7057c7d19064a9e27660f5aec4e5c4001ffcf653a47531bde19b5aa2a8a",
                "sha256:911714b08b63d155f9c948da2b5534b223a1a4fc50bb67139ab68b277c938578",
                "sha256:a5f8f85986197d1dd6444763c4a15c991bfed86d835a1f6f7d476f7198d5f56a",
                "sha256:a744132d0abaa854d1aad50ba9bc64e79c6f835b3e92521db4235a1991176813",
                "sha256:af2c14efc0bb0e91af63d00080ccc067866fb8cbbaca2b0438ab4105f5e0f08d",
                "sha256:b054eb0a8aa712c8e9030065a59b5e6a5cf0746ecdb5f087cca5ec7685690c19",
                "sha256:b0becb75418f8a130e9d465e718316cd17c7a8acce6fe8fe07adc72762bee425",
                "sha256:b1d2ed1cbda2ae107283befd9284e650d840f8f7568cb9060b5466d25dc48975",
                "sha256:ba4261c8ad00b49d48bbb3b5af388bb7576edfc0ca50a49c11dcb77caa1d897e",
                "sha256:d1fe9d7d09bb07228650903d6a9dc48ea649e3b8c69b1d263419cc722b3938e8",
                "sha256:d7804f6a71fc2dda888ef2de266727ec2f3915373d5a785ed4ddc603bbc91e08",
                "sha256:da2844fba024dd58eaa712561da47dcd1e7ad544a257482392472eae1c86d5e5",
                "sha256:dcefc97d1daf8d55199420e9162ab584ed0893a109f45e438b9794ced44c9fd0",
                "sha256:dd98c436a1fc56f48c70882cc243df89ad036210d871c7427dc164b31500dc11",
                "sha256:e74671e43ed4569fbd7989e5eecc7d06dc134b571872ab1d5a88f4a123814e9f",
                "sha256:eb9b92f456ff3ec746cd4935b73c1117538d6124b8617bc0fe6fda0b3816e345",
                "sha256:ebb4e637a1fb861c34e48a00d03cffa9234f42bef923aec44e5625ffb9a8e8f9",
                "sha256:ef739fe89e7f43fb6494a43b1878a36273e5924869ba1d866f752c5812ae8d58",
                "sha256:f40db0e02a8157d2b90857c24d89b6310f9b6c3642369852cdc3b5ac49b92afc",
                "sha256:f68bf937f113b88c866d090fea0bc52a098695173fc613b055a17ff0cf9683b6",
                "sha256:fb55c182a3f7b84c1a2d6de5fa7b1a05d4660d866b91dbf8d74549c57a1499e8"
            ],
            "version": "==5.1.0"
        }
    },
    "develop": {
        "astroid": {
            "hashes": [
                "sha256:4c17cea3e592c21b6e222f673868961bad77e1f985cb1694ed077475a89229c1",
                "sha256:d8506842a3faf734b81599c8b98dcc423de863adcc1999248480b18bd31a0f38"
            ],
            "version": "==2.4.1"
        },
        "autopep8": {
            "hashes": [
                "sha256:152fd8fe47d02082be86e05001ec23d6f420086db56b17fc883f3f965fb34954"
            ],
            "index": "pypi",
            "version": "==1.5.2"
        },
        "isort": {
            "hashes": [
                "sha256:54da7e92468955c4fceacd0c86bd0ec997b0e1ee80d97f67c35a78b719dccab1",
                "sha256:6e811fcb295968434526407adb8796944f1988c5b65e8139058f2014cbe100fd"
            ],
            "version": "==4.3.21"
        },
        "lazy-object-proxy": {
            "hashes": [
                "sha256:0c4b206227a8097f05c4dbdd323c50edf81f15db3b8dc064d08c62d37e1a504d",
                "sha256:194d092e6f246b906e8f70884e620e459fc54db3259e60cf69a4d66c3fda3449",
                "sha256:1be7e4c9f96948003609aa6c974ae59830a6baecc5376c25c92d7d697e684c08",
                "sha256:4677f594e474c91da97f489fea5b7daa17b5517190899cf213697e48d3902f5a",
                "sha256:48dab84ebd4831077b150572aec802f303117c8cc5c871e182447281ebf3ac50",
                "sha256:5541cada25cd173702dbd99f8e22434105456314462326f06dba3e180f203dfd",
                "sha256:59f79fef100b09564bc2df42ea2d8d21a64fdcda64979c0fa3db7bdaabaf6239",
                "sha256:8d859b89baf8ef7f8bc6b00aa20316483d67f0b1cbf422f5b4dc56701c8f2ffb",
                "sha256:9254f4358b9b541e3441b007a0ea0764b9d056afdeafc1a5569eee1cc6c1b9ea",
                "sha256:9651375199045a358eb6741df3e02a651e0330be090b3bc79f6d0de31a80ec3e",
                "sha256:97bb5884f6f1cdce0099f86b907aa41c970c3c672ac8b9c8352789e103cf3156",
                "sha256:9b15f3f4c0f35727d3a0fba4b770b3c4ebbb1fa907dbcc046a1d2799f3edd142",
                "sha256:a2238e9d1bb71a56cd710611a1614d1194dc10a175c1e08d75e1a7bcc250d442",
                "sha256:a6ae12d08c0bf9909ce12385803a543bfe99b95fe01e752536a60af2b7797c62",
                "sha256:ca0a928a3ddbc5725be2dd1cf895ec0a254798915fb3a36af0964a0a4149e3db",
                "sha256:cb2c7c57005a6804ab66f106ceb8482da55f5314b7fcb06551db1edae4ad1531",
                "sha256:d74bb8693bf9cf75ac3b47a54d716bbb1a92648d5f781fc799347cfc95952383",
                "sha256:d945239a5639b3ff35b70a88c5f2f491913eb94871780ebfabb2568bd58afc5a",
                "sha256:eba7011090323c1dadf18b3b689845fd96a61ba0a1dfbd7f24b921398affc357",
                "sha256:efa1909120ce98bbb3777e8b6f92237f5d5c8ea6758efea36a473e1d38f7d3e4",
                "sha256:f3900e8a5de27447acbf900b4750b0ddfd7ec1ea7fbaf11dfa911141bc522af0"
            ],
            "version": "==1.4.3"
        },
        "mccabe": {
            "hashes": [
                "sha256:ab8a6258860da4b6677da4bd2fe5dc2c659cff31b3ee4f7f5d64e79735b80d42",
                "sha256:dd8d182285a0fe56bace7f45b5e7d1a6ebcbf524e8f3bd87eb0f125271b8831f"
            ],
            "version": "==0.6.1"
        },
        "pycodestyle": {
            "hashes": [
                "sha256:95a2219d12372f05704562a14ec30bc76b05a5b297b21a5dfe3f6fac3491ae56",
                "sha256:e40a936c9a450ad81df37f549d676d127b1b66000a6c500caa2b085bc0ca976c"
            ],
            "version": "==2.5.0"
        },
        "pylint": {
            "hashes": [
                "sha256:b95e31850f3af163c2283ed40432f053acbc8fc6eba6a069cb518d9dbf71848c",
                "sha256:dd506acce0427e9e08fb87274bcaa953d38b50a58207170dbf5b36cf3e16957b"
            ],
            "index": "pypi",
            "version": "==2.5.2"
        },
        "pylint-django": {
            "hashes": [
                "sha256:06a64331c498a3f049ba669dc0c174b92209e164198d43e589b1096ee616d5f8",
                "sha256:3d3436ba8d0fae576ae2db160e33a8f2746a101fda4463f2b3ff3a8b6fccec38"
            ],
            "index": "pypi",
            "version": "==2.0.15"
        },
        "pylint-plugin-utils": {
            "hashes": [
                "sha256:2f30510e1c46edf268d3a195b2849bd98a1b9433229bb2ba63b8d776e1fc4d0a",
                "sha256:57625dcca20140f43731311cd8fd879318bf45a8b0fd17020717a8781714a25a"
            ],
            "version": "==0.6"
        },
        "six": {
            "hashes": [
                "sha256:236bdbdce46e6e6a3d61a337c0f8b763ca1e8717c03b369e87a7ec7ce1319c0a",
                "sha256:8f3cd2e254d8f793e7f3d6d9df77b92252b52637291d0f0da013c76ea2724b6c"
            ],
            "version": "==1.14.0"
        },
        "toml": {
            "hashes": [
                "sha256:229f81c57791a41d65e399fc06bf0848bab550a9dfd5ed66df18ce5f05e73d5c",
                "sha256:235682dd292d5899d361a811df37e04a8828a5b1da3115886b73cf81ebc9100e"
            ],
            "version": "==0.10.0"
        },
        "wrapt": {
            "hashes": [
                "sha256:b62ffa81fb85f4332a4f609cab4ac40709470da05643a082ec1eb88e6d9b97d7"
            ],
            "version": "==1.12.1"
        }
    }
}
